// !$*UTF8*$!
{
	archiveVersion = 1;
	classes = {
	};
	objectVersion = 48;
	objects = {

/* Begin PBXBuildFile section */
		08076A9B208E06AF001A9082 /* ReceiverMessageCell.swift in Sources */ = {isa = PBXBuildFile; fileRef = 08076A9A208E06AF001A9082 /* ReceiverMessageCell.swift */; };
		0838CB552088A0060073C6D4 /* LoginAuthorizationModel.swift in Sources */ = {isa = PBXBuildFile; fileRef = 0838CB542088A0060073C6D4 /* LoginAuthorizationModel.swift */; };
		08390B6F2085D95400321735 /* Selector.swift in Sources */ = {isa = PBXBuildFile; fileRef = 08390B6E2085D95400321735 /* Selector.swift */; };
		08390B752085DB0B00321735 /* SelectorCell.swift in Sources */ = {isa = PBXBuildFile; fileRef = 08390B742085DB0B00321735 /* SelectorCell.swift */; };
		08390B772085F94F00321735 /* AddressModel.swift in Sources */ = {isa = PBXBuildFile; fileRef = 08390B762085F94F00321735 /* AddressModel.swift */; };
		083F1AC220A2CB76009954AC /* ServiceDetailsListViewController.swift in Sources */ = {isa = PBXBuildFile; fileRef = 083F1AC120A2CB76009954AC /* ServiceDetailsListViewController.swift */; };
		083F1AC420A2D243009954AC /* ServiceDetailsListViewCell.swift in Sources */ = {isa = PBXBuildFile; fileRef = 083F1AC320A2D243009954AC /* ServiceDetailsListViewCell.swift */; };
		083F1AC620A2E3D4009954AC /* ShowServiceDetailsView.swift in Sources */ = {isa = PBXBuildFile; fileRef = 083F1AC520A2E3D4009954AC /* ShowServiceDetailsView.swift */; };
		0840BD65208F0DC6000FC497 /* SenderMessageCell.swift in Sources */ = {isa = PBXBuildFile; fileRef = 0840BD64208F0DC6000FC497 /* SenderMessageCell.swift */; };
		0840BD67208F338F000FC497 /* ChatModel.swift in Sources */ = {isa = PBXBuildFile; fileRef = 0840BD66208F338F000FC497 /* ChatModel.swift */; };
		0851166A208C830400E81C61 /* JobListModel.swift in Sources */ = {isa = PBXBuildFile; fileRef = 08511669208C830400E81C61 /* JobListModel.swift */; };
		0855D62E20849032002BB7A7 /* DeviceModel.swift in Sources */ = {isa = PBXBuildFile; fileRef = 0855D62D20849032002BB7A7 /* DeviceModel.swift */; };
		0855D6302084BEA0002BB7A7 /* AddingServiceRequestModel.swift in Sources */ = {isa = PBXBuildFile; fileRef = 0855D62F2084BEA0002BB7A7 /* AddingServiceRequestModel.swift */; };
		08591E4620835A7B00391BB0 /* ServiceDetailsViewController.swift in Sources */ = {isa = PBXBuildFile; fileRef = 08591E4520835A7B00391BB0 /* ServiceDetailsViewController.swift */; };
		088387D7208765B8003DAC2C /* LoginViewController.swift in Sources */ = {isa = PBXBuildFile; fileRef = 088387D6208765B8003DAC2C /* LoginViewController.swift */; };
		08DF37FB20A1A96F004A6BAA /* CustomerJobDone.swift in Sources */ = {isa = PBXBuildFile; fileRef = 08DF37FA20A1A96F004A6BAA /* CustomerJobDone.swift */; };
		1D38A8B920829C01001C8887 /* SubServiceModel.swift in Sources */ = {isa = PBXBuildFile; fileRef = 1D38A8B820829C01001C8887 /* SubServiceModel.swift */; };
		1D762D1420ACB7F500EA6B29 /* ServiceRequestImageCell.swift in Sources */ = {isa = PBXBuildFile; fileRef = 1D762D1320ACB7F500EA6B29 /* ServiceRequestImageCell.swift */; };
		1D762D1620ACCB2F00EA6B29 /* Menu.swift in Sources */ = {isa = PBXBuildFile; fileRef = 1D762D1520ACCB2F00EA6B29 /* Menu.swift */; };
		1D762D1820ACCCB400EA6B29 /* MenuCell.swift in Sources */ = {isa = PBXBuildFile; fileRef = 1D762D1720ACCCB400EA6B29 /* MenuCell.swift */; };
		1D79949A20AA0DED00019A28 /* CalenderSelector.swift in Sources */ = {isa = PBXBuildFile; fileRef = 1D79949920AA0DED00019A28 /* CalenderSelector.swift */; };
		1D79949C20AA180D00019A28 /* TimeSlotModel.swift in Sources */ = {isa = PBXBuildFile; fileRef = 1D79949B20AA180D00019A28 /* TimeSlotModel.swift */; };
		1DEAC1CE207E88400062F333 /* ServiceModel.swift in Sources */ = {isa = PBXBuildFile; fileRef = 1DEAC1CD207E88400062F333 /* ServiceModel.swift */; };
		77185420207A889A0006BEEC /* ThankYouViewController.swift in Sources */ = {isa = PBXBuildFile; fileRef = 7718541F207A889A0006BEEC /* ThankYouViewController.swift */; };
		77185422207A89160006BEEC /* OpenSans-Bold.ttf in Resources */ = {isa = PBXBuildFile; fileRef = 77185421207A89160006BEEC /* OpenSans-Bold.ttf */; };
		77185424207A89270006BEEC /* OpenSans-LightItalic.ttf in Resources */ = {isa = PBXBuildFile; fileRef = 77185423207A89270006BEEC /* OpenSans-LightItalic.ttf */; };
		771E678B207B5C3D00800C0B /* LocationSecondViewController.swift in Sources */ = {isa = PBXBuildFile; fileRef = 771E678A207B5C3D00800C0B /* LocationSecondViewController.swift */; };
		771E678D207B630300800C0B /* LetUsKnowDetailsViewController.swift in Sources */ = {isa = PBXBuildFile; fileRef = 771E678C207B630300800C0B /* LetUsKnowDetailsViewController.swift */; };
		771E678F207B8C5C00800C0B /* JobDetailsViewController.swift in Sources */ = {isa = PBXBuildFile; fileRef = 771E678E207B8C5C00800C0B /* JobDetailsViewController.swift */; };
		771E6791207BF13900800C0B /* JobDetailsImageCell.swift in Sources */ = {isa = PBXBuildFile; fileRef = 771E6790207BF13900800C0B /* JobDetailsImageCell.swift */; };
		775F079E20761D67006E563F /* SliderImages.swift in Sources */ = {isa = PBXBuildFile; fileRef = 775F079D20761D67006E563F /* SliderImages.swift */; };
		775F07A02076286A006E563F /* MasterCollectionViewCell.swift in Sources */ = {isa = PBXBuildFile; fileRef = 775F079F2076286A006E563F /* MasterCollectionViewCell.swift */; };
		775F07A220762B84006E563F /* ServiceCell.swift in Sources */ = {isa = PBXBuildFile; fileRef = 775F07A120762B84006E563F /* ServiceCell.swift */; };
		775F07A420764487006E563F /* ServiceViewController.swift in Sources */ = {isa = PBXBuildFile; fileRef = 775F07A320764487006E563F /* ServiceViewController.swift */; };
		775F07A620764547006E563F /* ServiceMenu.swift in Sources */ = {isa = PBXBuildFile; fileRef = 775F07A520764547006E563F /* ServiceMenu.swift */; };
		775F07A820764642006E563F /* ServiceMenuCell.swift in Sources */ = {isa = PBXBuildFile; fileRef = 775F07A720764642006E563F /* ServiceMenuCell.swift */; };
		775F07AA2076521C006E563F /* ServiceChildCell.swift in Sources */ = {isa = PBXBuildFile; fileRef = 775F07A92076521C006E563F /* ServiceChildCell.swift */; };
		775F07AC207803C1006E563F /* NotificationCell.swift in Sources */ = {isa = PBXBuildFile; fileRef = 775F07AB207803C1006E563F /* NotificationCell.swift */; };
		775F07AE20793E84006E563F /* JobListViewController.swift in Sources */ = {isa = PBXBuildFile; fileRef = 775F07AD20793E84006E563F /* JobListViewController.swift */; };
		775F07B020793FB6006E563F /* JobListCell.swift in Sources */ = {isa = PBXBuildFile; fileRef = 775F07AF20793FB6006E563F /* JobListCell.swift */; };
		775F07B220795459006E563F /* ProfileViewController.swift in Sources */ = {isa = PBXBuildFile; fileRef = 775F07B120795459006E563F /* ProfileViewController.swift */; };
		775F07B42079640E006E563F /* ProfileInfoCell.swift in Sources */ = {isa = PBXBuildFile; fileRef = 775F07B32079640E006E563F /* ProfileInfoCell.swift */; };
		776588DF2073823C00876E3E /* AppDelegate.swift in Sources */ = {isa = PBXBuildFile; fileRef = 776588DE2073823C00876E3E /* AppDelegate.swift */; };
		776588E12073823C00876E3E /* HomeViewController.swift in Sources */ = {isa = PBXBuildFile; fileRef = 776588E02073823C00876E3E /* HomeViewController.swift */; };
		776588E62073823C00876E3E /* Assets.xcassets in Resources */ = {isa = PBXBuildFile; fileRef = 776588E52073823C00876E3E /* Assets.xcassets */; };
		776588E92073823C00876E3E /* LaunchScreen.storyboard in Resources */ = {isa = PBXBuildFile; fileRef = 776588E72073823C00876E3E /* LaunchScreen.storyboard */; };
		776588F6207385A900876E3E /* CustomTabBarController.swift in Sources */ = {isa = PBXBuildFile; fileRef = 776588F5207385A900876E3E /* CustomTabBarController.swift */; };
		776588F820738CE800876E3E /* NotificationViewController.swift in Sources */ = {isa = PBXBuildFile; fileRef = 776588F720738CE800876E3E /* NotificationViewController.swift */; };
		776588FA2073921600876E3E /* ContactsViewController.swift in Sources */ = {isa = PBXBuildFile; fileRef = 776588F92073921600876E3E /* ContactsViewController.swift */; };
		776588FC2073924300876E3E /* PhoneViewController.swift in Sources */ = {isa = PBXBuildFile; fileRef = 776588FB2073924300876E3E /* PhoneViewController.swift */; };
		776588FE2073926C00876E3E /* ChatViewController.swift in Sources */ = {isa = PBXBuildFile; fileRef = 776588FD2073926C00876E3E /* ChatViewController.swift */; };
		77658900207393B800876E3E /* Extensions.swift in Sources */ = {isa = PBXBuildFile; fileRef = 776588FF207393B800876E3E /* Extensions.swift */; };
		776589022073945000876E3E /* Config.swift in Sources */ = {isa = PBXBuildFile; fileRef = 776589012073945000876E3E /* Config.swift */; };
		77658904207394E500876E3E /* Helper.swift in Sources */ = {isa = PBXBuildFile; fileRef = 77658903207394E500876E3E /* Helper.swift */; };
		776589062073984300876E3E /* LanguageSelectViewController.swift in Sources */ = {isa = PBXBuildFile; fileRef = 776589052073984300876E3E /* LanguageSelectViewController.swift */; };
		7765890A20739D7700876E3E /* OpenSans-SemiBold.ttf in Resources */ = {isa = PBXBuildFile; fileRef = 7765890820739D7700876E3E /* OpenSans-SemiBold.ttf */; };
		7765890B20739D7700876E3E /* OpenSans-Regular.ttf in Resources */ = {isa = PBXBuildFile; fileRef = 7765890920739D7700876E3E /* OpenSans-Regular.ttf */; };
		7765890F2073A31000876E3E /* Slider.swift in Sources */ = {isa = PBXBuildFile; fileRef = 7765890E2073A31000876E3E /* Slider.swift */; };
		776589112073A40E00876E3E /* SliderCell.swift in Sources */ = {isa = PBXBuildFile; fileRef = 776589102073A40E00876E3E /* SliderCell.swift */; };
		7768ADD9207A8DE0000AC837 /* SelectDateTimeViewController.swift in Sources */ = {isa = PBXBuildFile; fileRef = 7768ADD8207A8DE0000AC837 /* SelectDateTimeViewController.swift */; };
		7768ADDB207AB4DE000AC837 /* TimeSelectCell.swift in Sources */ = {isa = PBXBuildFile; fileRef = 7768ADDA207AB4DE000AC837 /* TimeSelectCell.swift */; };
		7768ADDD207ABA7F000AC837 /* LocationFirstViewController.swift in Sources */ = {isa = PBXBuildFile; fileRef = 7768ADDC207ABA7F000AC837 /* LocationFirstViewController.swift */; };
		7768ADDF207AC607000AC837 /* PaddedTextField.swift in Sources */ = {isa = PBXBuildFile; fileRef = 7768ADDE207AC607000AC837 /* PaddedTextField.swift */; };
		9CC0F23C3D95EECA35831461 /* Pods_800Handyman.framework in Frameworks */ = {isa = PBXBuildFile; fileRef = 16F163B31311BB0F944D8E23 /* Pods_800Handyman.framework */; };
/* End PBXBuildFile section */

/* Begin PBXFileReference section */
		08076A9A208E06AF001A9082 /* ReceiverMessageCell.swift */ = {isa = PBXFileReference; lastKnownFileType = sourcecode.swift; path = ReceiverMessageCell.swift; sourceTree = "<group>"; };
		0838CB542088A0060073C6D4 /* LoginAuthorizationModel.swift */ = {isa = PBXFileReference; lastKnownFileType = sourcecode.swift; path = LoginAuthorizationModel.swift; sourceTree = "<group>"; };
		08390B6E2085D95400321735 /* Selector.swift */ = {isa = PBXFileReference; lastKnownFileType = sourcecode.swift; path = Selector.swift; sourceTree = "<group>"; };
		08390B742085DB0B00321735 /* SelectorCell.swift */ = {isa = PBXFileReference; lastKnownFileType = sourcecode.swift; path = SelectorCell.swift; sourceTree = "<group>"; };
		08390B762085F94F00321735 /* AddressModel.swift */ = {isa = PBXFileReference; lastKnownFileType = sourcecode.swift; path = AddressModel.swift; sourceTree = "<group>"; };
		083F1AC120A2CB76009954AC /* ServiceDetailsListViewController.swift */ = {isa = PBXFileReference; lastKnownFileType = sourcecode.swift; path = ServiceDetailsListViewController.swift; sourceTree = "<group>"; };
		083F1AC320A2D243009954AC /* ServiceDetailsListViewCell.swift */ = {isa = PBXFileReference; lastKnownFileType = sourcecode.swift; path = ServiceDetailsListViewCell.swift; sourceTree = "<group>"; };
		083F1AC520A2E3D4009954AC /* ShowServiceDetailsView.swift */ = {isa = PBXFileReference; lastKnownFileType = sourcecode.swift; path = ShowServiceDetailsView.swift; sourceTree = "<group>"; };
		0840BD64208F0DC6000FC497 /* SenderMessageCell.swift */ = {isa = PBXFileReference; lastKnownFileType = sourcecode.swift; path = SenderMessageCell.swift; sourceTree = "<group>"; };
		0840BD66208F338F000FC497 /* ChatModel.swift */ = {isa = PBXFileReference; lastKnownFileType = sourcecode.swift; path = ChatModel.swift; sourceTree = "<group>"; };
		08511669208C830400E81C61 /* JobListModel.swift */ = {isa = PBXFileReference; lastKnownFileType = sourcecode.swift; path = JobListModel.swift; sourceTree = "<group>"; };
		0855D62D20849032002BB7A7 /* DeviceModel.swift */ = {isa = PBXFileReference; lastKnownFileType = sourcecode.swift; path = DeviceModel.swift; sourceTree = "<group>"; };
		0855D62F2084BEA0002BB7A7 /* AddingServiceRequestModel.swift */ = {isa = PBXFileReference; lastKnownFileType = sourcecode.swift; path = AddingServiceRequestModel.swift; sourceTree = "<group>"; };
		0857BD08207DFB50009AB8BF /* 800Handyman-Bridging-Header.h */ = {isa = PBXFileReference; lastKnownFileType = sourcecode.c.h; path = "800Handyman-Bridging-Header.h"; sourceTree = "<group>"; };
		08591E4520835A7B00391BB0 /* ServiceDetailsViewController.swift */ = {isa = PBXFileReference; lastKnownFileType = sourcecode.swift; path = ServiceDetailsViewController.swift; sourceTree = "<group>"; };
		088387D6208765B8003DAC2C /* LoginViewController.swift */ = {isa = PBXFileReference; lastKnownFileType = sourcecode.swift; path = LoginViewController.swift; sourceTree = "<group>"; };
		08DF37FA20A1A96F004A6BAA /* CustomerJobDone.swift */ = {isa = PBXFileReference; lastKnownFileType = sourcecode.swift; path = CustomerJobDone.swift; sourceTree = "<group>"; };
		16F163B31311BB0F944D8E23 /* Pods_800Handyman.framework */ = {isa = PBXFileReference; explicitFileType = wrapper.framework; includeInIndex = 0; path = Pods_800Handyman.framework; sourceTree = BUILT_PRODUCTS_DIR; };
		1D38A8B820829C01001C8887 /* SubServiceModel.swift */ = {isa = PBXFileReference; lastKnownFileType = sourcecode.swift; path = SubServiceModel.swift; sourceTree = "<group>"; };
		1D762D1320ACB7F500EA6B29 /* ServiceRequestImageCell.swift */ = {isa = PBXFileReference; lastKnownFileType = sourcecode.swift; path = ServiceRequestImageCell.swift; sourceTree = "<group>"; };
		1D762D1520ACCB2F00EA6B29 /* Menu.swift */ = {isa = PBXFileReference; lastKnownFileType = sourcecode.swift; path = Menu.swift; sourceTree = "<group>"; };
		1D762D1720ACCCB400EA6B29 /* MenuCell.swift */ = {isa = PBXFileReference; lastKnownFileType = sourcecode.swift; path = MenuCell.swift; sourceTree = "<group>"; };
		1D79949920AA0DED00019A28 /* CalenderSelector.swift */ = {isa = PBXFileReference; lastKnownFileType = sourcecode.swift; path = CalenderSelector.swift; sourceTree = "<group>"; };
		1D79949B20AA180D00019A28 /* TimeSlotModel.swift */ = {isa = PBXFileReference; lastKnownFileType = sourcecode.swift; path = TimeSlotModel.swift; sourceTree = "<group>"; };
		1DEAC1CD207E88400062F333 /* ServiceModel.swift */ = {isa = PBXFileReference; lastKnownFileType = sourcecode.swift; path = ServiceModel.swift; sourceTree = "<group>"; };
		4314F82EFCAAFFC7515B8F7B /* Pods-800Handyman.release.xcconfig */ = {isa = PBXFileReference; includeInIndex = 1; lastKnownFileType = text.xcconfig; name = "Pods-800Handyman.release.xcconfig"; path = "Pods/Target Support Files/Pods-800Handyman/Pods-800Handyman.release.xcconfig"; sourceTree = "<group>"; };
		4ED4D1BA778EB8C21F3C31FA /* Pods-800Handyman.debug.xcconfig */ = {isa = PBXFileReference; includeInIndex = 1; lastKnownFileType = text.xcconfig; name = "Pods-800Handyman.debug.xcconfig"; path = "Pods/Target Support Files/Pods-800Handyman/Pods-800Handyman.debug.xcconfig"; sourceTree = "<group>"; };
		7718541E207A87830006BEEC /* ar */ = {isa = PBXFileReference; lastKnownFileType = text.plist.strings; name = ar; path = ar.lproj/LaunchScreen.strings; sourceTree = "<group>"; };
		7718541F207A889A0006BEEC /* ThankYouViewController.swift */ = {isa = PBXFileReference; lastKnownFileType = sourcecode.swift; path = ThankYouViewController.swift; sourceTree = "<group>"; };
		77185421207A89160006BEEC /* OpenSans-Bold.ttf */ = {isa = PBXFileReference; lastKnownFileType = file; path = "OpenSans-Bold.ttf"; sourceTree = "<group>"; };
		77185423207A89270006BEEC /* OpenSans-LightItalic.ttf */ = {isa = PBXFileReference; lastKnownFileType = file; path = "OpenSans-LightItalic.ttf"; sourceTree = "<group>"; };
		771E678A207B5C3D00800C0B /* LocationSecondViewController.swift */ = {isa = PBXFileReference; lastKnownFileType = sourcecode.swift; path = LocationSecondViewController.swift; sourceTree = "<group>"; };
		771E678C207B630300800C0B /* LetUsKnowDetailsViewController.swift */ = {isa = PBXFileReference; lastKnownFileType = sourcecode.swift; path = LetUsKnowDetailsViewController.swift; sourceTree = "<group>"; };
		771E678E207B8C5C00800C0B /* JobDetailsViewController.swift */ = {isa = PBXFileReference; lastKnownFileType = sourcecode.swift; path = JobDetailsViewController.swift; sourceTree = "<group>"; };
		771E6790207BF13900800C0B /* JobDetailsImageCell.swift */ = {isa = PBXFileReference; lastKnownFileType = sourcecode.swift; path = JobDetailsImageCell.swift; sourceTree = "<group>"; };
		775F079D20761D67006E563F /* SliderImages.swift */ = {isa = PBXFileReference; lastKnownFileType = sourcecode.swift; path = SliderImages.swift; sourceTree = "<group>"; };
		775F079F2076286A006E563F /* MasterCollectionViewCell.swift */ = {isa = PBXFileReference; lastKnownFileType = sourcecode.swift; path = MasterCollectionViewCell.swift; sourceTree = "<group>"; };
		775F07A120762B84006E563F /* ServiceCell.swift */ = {isa = PBXFileReference; lastKnownFileType = sourcecode.swift; path = ServiceCell.swift; sourceTree = "<group>"; };
		775F07A320764487006E563F /* ServiceViewController.swift */ = {isa = PBXFileReference; lastKnownFileType = sourcecode.swift; path = ServiceViewController.swift; sourceTree = "<group>"; };
		775F07A520764547006E563F /* ServiceMenu.swift */ = {isa = PBXFileReference; lastKnownFileType = sourcecode.swift; path = ServiceMenu.swift; sourceTree = "<group>"; };
		775F07A720764642006E563F /* ServiceMenuCell.swift */ = {isa = PBXFileReference; lastKnownFileType = sourcecode.swift; path = ServiceMenuCell.swift; sourceTree = "<group>"; };
		775F07A92076521C006E563F /* ServiceChildCell.swift */ = {isa = PBXFileReference; lastKnownFileType = sourcecode.swift; path = ServiceChildCell.swift; sourceTree = "<group>"; };
		775F07AB207803C1006E563F /* NotificationCell.swift */ = {isa = PBXFileReference; lastKnownFileType = sourcecode.swift; path = NotificationCell.swift; sourceTree = "<group>"; };
		775F07AD20793E84006E563F /* JobListViewController.swift */ = {isa = PBXFileReference; lastKnownFileType = sourcecode.swift; path = JobListViewController.swift; sourceTree = "<group>"; };
		775F07AF20793FB6006E563F /* JobListCell.swift */ = {isa = PBXFileReference; lastKnownFileType = sourcecode.swift; path = JobListCell.swift; sourceTree = "<group>"; };
		775F07B120795459006E563F /* ProfileViewController.swift */ = {isa = PBXFileReference; lastKnownFileType = sourcecode.swift; path = ProfileViewController.swift; sourceTree = "<group>"; };
		775F07B32079640E006E563F /* ProfileInfoCell.swift */ = {isa = PBXFileReference; lastKnownFileType = sourcecode.swift; path = ProfileInfoCell.swift; sourceTree = "<group>"; };
		776588DB2073823C00876E3E /* 800Handyman.app */ = {isa = PBXFileReference; explicitFileType = wrapper.application; includeInIndex = 0; path = 800Handyman.app; sourceTree = BUILT_PRODUCTS_DIR; };
		776588DE2073823C00876E3E /* AppDelegate.swift */ = {isa = PBXFileReference; lastKnownFileType = sourcecode.swift; path = AppDelegate.swift; sourceTree = "<group>"; };
		776588E02073823C00876E3E /* HomeViewController.swift */ = {isa = PBXFileReference; lastKnownFileType = sourcecode.swift; path = HomeViewController.swift; sourceTree = "<group>"; };
		776588E52073823C00876E3E /* Assets.xcassets */ = {isa = PBXFileReference; lastKnownFileType = folder.assetcatalog; path = Assets.xcassets; sourceTree = "<group>"; };
		776588E82073823C00876E3E /* Base */ = {isa = PBXFileReference; lastKnownFileType = file.storyboard; name = Base; path = Base.lproj/LaunchScreen.storyboard; sourceTree = "<group>"; };
		776588EA2073823C00876E3E /* Info.plist */ = {isa = PBXFileReference; lastKnownFileType = text.plist.xml; path = Info.plist; sourceTree = "<group>"; };
		776588F5207385A900876E3E /* CustomTabBarController.swift */ = {isa = PBXFileReference; lastKnownFileType = sourcecode.swift; path = CustomTabBarController.swift; sourceTree = "<group>"; };
		776588F720738CE800876E3E /* NotificationViewController.swift */ = {isa = PBXFileReference; lastKnownFileType = sourcecode.swift; path = NotificationViewController.swift; sourceTree = "<group>"; };
		776588F92073921600876E3E /* ContactsViewController.swift */ = {isa = PBXFileReference; lastKnownFileType = sourcecode.swift; path = ContactsViewController.swift; sourceTree = "<group>"; };
		776588FB2073924300876E3E /* PhoneViewController.swift */ = {isa = PBXFileReference; lastKnownFileType = sourcecode.swift; path = PhoneViewController.swift; sourceTree = "<group>"; };
		776588FD2073926C00876E3E /* ChatViewController.swift */ = {isa = PBXFileReference; lastKnownFileType = sourcecode.swift; path = ChatViewController.swift; sourceTree = "<group>"; };
		776588FF207393B800876E3E /* Extensions.swift */ = {isa = PBXFileReference; lastKnownFileType = sourcecode.swift; path = Extensions.swift; sourceTree = "<group>"; };
		776589012073945000876E3E /* Config.swift */ = {isa = PBXFileReference; lastKnownFileType = sourcecode.swift; path = Config.swift; sourceTree = "<group>"; };
		77658903207394E500876E3E /* Helper.swift */ = {isa = PBXFileReference; lastKnownFileType = sourcecode.swift; path = Helper.swift; sourceTree = "<group>"; };
		776589052073984300876E3E /* LanguageSelectViewController.swift */ = {isa = PBXFileReference; lastKnownFileType = sourcecode.swift; path = LanguageSelectViewController.swift; sourceTree = "<group>"; };
		7765890820739D7700876E3E /* OpenSans-SemiBold.ttf */ = {isa = PBXFileReference; lastKnownFileType = file; path = "OpenSans-SemiBold.ttf"; sourceTree = "<group>"; };
		7765890920739D7700876E3E /* OpenSans-Regular.ttf */ = {isa = PBXFileReference; lastKnownFileType = file; path = "OpenSans-Regular.ttf"; sourceTree = "<group>"; };
		7765890E2073A31000876E3E /* Slider.swift */ = {isa = PBXFileReference; lastKnownFileType = sourcecode.swift; path = Slider.swift; sourceTree = "<group>"; };
		776589102073A40E00876E3E /* SliderCell.swift */ = {isa = PBXFileReference; lastKnownFileType = sourcecode.swift; path = SliderCell.swift; sourceTree = "<group>"; };
		7768ADD8207A8DE0000AC837 /* SelectDateTimeViewController.swift */ = {isa = PBXFileReference; lastKnownFileType = sourcecode.swift; path = SelectDateTimeViewController.swift; sourceTree = "<group>"; };
		7768ADDA207AB4DE000AC837 /* TimeSelectCell.swift */ = {isa = PBXFileReference; lastKnownFileType = sourcecode.swift; path = TimeSelectCell.swift; sourceTree = "<group>"; };
		7768ADDC207ABA7F000AC837 /* LocationFirstViewController.swift */ = {isa = PBXFileReference; lastKnownFileType = sourcecode.swift; path = LocationFirstViewController.swift; sourceTree = "<group>"; };
		7768ADDE207AC607000AC837 /* PaddedTextField.swift */ = {isa = PBXFileReference; lastKnownFileType = sourcecode.swift; path = PaddedTextField.swift; sourceTree = "<group>"; };
/* End PBXFileReference section */

/* Begin PBXFrameworksBuildPhase section */
		776588D82073823C00876E3E /* Frameworks */ = {
			isa = PBXFrameworksBuildPhase;
			buildActionMask = 2147483647;
			files = (
				9CC0F23C3D95EECA35831461 /* Pods_800Handyman.framework in Frameworks */,
			);
			runOnlyForDeploymentPostprocessing = 0;
		};
/* End PBXFrameworksBuildPhase section */

/* Begin PBXGroup section */
		08390B732085DAE900321735 /* TableViewCell */ = {
			isa = PBXGroup;
			children = (
				08390B742085DB0B00321735 /* SelectorCell.swift */,
				1D762D1720ACCCB400EA6B29 /* MenuCell.swift */,
			);
			path = TableViewCell;
			sourceTree = "<group>";
		};
		482F37F64B8E5B352C625262 /* Frameworks */ = {
			isa = PBXGroup;
			children = (
				16F163B31311BB0F944D8E23 /* Pods_800Handyman.framework */,
			);
			name = Frameworks;
			sourceTree = "<group>";
		};
		776588D22073823C00876E3E = {
			isa = PBXGroup;
			children = (
				776588DD2073823C00876E3E /* 800Handyman */,
				776588DC2073823C00876E3E /* Products */,
				C0BF5D3CB7D1698877DFE0F6 /* Pods */,
				482F37F64B8E5B352C625262 /* Frameworks */,
			);
			sourceTree = "<group>";
		};
		776588DC2073823C00876E3E /* Products */ = {
			isa = PBXGroup;
			children = (
				776588DB2073823C00876E3E /* 800Handyman.app */,
			);
			name = Products;
			sourceTree = "<group>";
		};
		776588DD2073823C00876E3E /* 800Handyman */ = {
			isa = PBXGroup;
			children = (
				776588F42073858800876E3E /* Utility */,
				776588F32073857F00876E3E /* Resources */,
				776588F22073857900876E3E /* Models */,
				776588F12073857400876E3E /* Views */,
				776588F02073856A00876E3E /* Controllers */,
				776588DE2073823C00876E3E /* AppDelegate.swift */,
				776588E52073823C00876E3E /* Assets.xcassets */,
				776588E72073823C00876E3E /* LaunchScreen.storyboard */,
				776588EA2073823C00876E3E /* Info.plist */,
				0857BD08207DFB50009AB8BF /* 800Handyman-Bridging-Header.h */,
			);
			path = 800Handyman;
			sourceTree = "<group>";
		};
		776588F02073856A00876E3E /* Controllers */ = {
			isa = PBXGroup;
			children = (
				776588F5207385A900876E3E /* CustomTabBarController.swift */,
				776588E02073823C00876E3E /* HomeViewController.swift */,
				776588F720738CE800876E3E /* NotificationViewController.swift */,
				776588F92073921600876E3E /* ContactsViewController.swift */,
				776588FB2073924300876E3E /* PhoneViewController.swift */,
				776588FD2073926C00876E3E /* ChatViewController.swift */,
				776589052073984300876E3E /* LanguageSelectViewController.swift */,
				775F07A320764487006E563F /* ServiceViewController.swift */,
				775F07AD20793E84006E563F /* JobListViewController.swift */,
				775F07B120795459006E563F /* ProfileViewController.swift */,
				7718541F207A889A0006BEEC /* ThankYouViewController.swift */,
				7768ADD8207A8DE0000AC837 /* SelectDateTimeViewController.swift */,
				7768ADDC207ABA7F000AC837 /* LocationFirstViewController.swift */,
				771E678A207B5C3D00800C0B /* LocationSecondViewController.swift */,
				771E678C207B630300800C0B /* LetUsKnowDetailsViewController.swift */,
				771E678E207B8C5C00800C0B /* JobDetailsViewController.swift */,
				08591E4520835A7B00391BB0 /* ServiceDetailsViewController.swift */,
				088387D6208765B8003DAC2C /* LoginViewController.swift */,
				08DF37FA20A1A96F004A6BAA /* CustomerJobDone.swift */,
				083F1AC120A2CB76009954AC /* ServiceDetailsListViewController.swift */,
			);
			path = Controllers;
			sourceTree = "<group>";
		};
		776588F12073857400876E3E /* Views */ = {
			isa = PBXGroup;
			children = (
				08390B732085DAE900321735 /* TableViewCell */,
				7765890D2073A2FF00876E3E /* CollectionViewCells */,
				7765890E2073A31000876E3E /* Slider.swift */,
				775F07A520764547006E563F /* ServiceMenu.swift */,
				08390B6E2085D95400321735 /* Selector.swift */,
				083F1AC520A2E3D4009954AC /* ShowServiceDetailsView.swift */,
				1D79949920AA0DED00019A28 /* CalenderSelector.swift */,
				1D762D1520ACCB2F00EA6B29 /* Menu.swift */,
			);
			path = Views;
			sourceTree = "<group>";
		};
		776588F22073857900876E3E /* Models */ = {
			isa = PBXGroup;
			children = (
				775F079D20761D67006E563F /* SliderImages.swift */,
				1DEAC1CD207E88400062F333 /* ServiceModel.swift */,
				1D38A8B820829C01001C8887 /* SubServiceModel.swift */,
				0855D62D20849032002BB7A7 /* DeviceModel.swift */,
				0855D62F2084BEA0002BB7A7 /* AddingServiceRequestModel.swift */,
				08390B762085F94F00321735 /* AddressModel.swift */,
				0838CB542088A0060073C6D4 /* LoginAuthorizationModel.swift */,
				08511669208C830400E81C61 /* JobListModel.swift */,
				0840BD66208F338F000FC497 /* ChatModel.swift */,
				1D79949B20AA180D00019A28 /* TimeSlotModel.swift */,
			);
			path = Models;
			sourceTree = "<group>";
		};
		776588F32073857F00876E3E /* Resources */ = {
			isa = PBXGroup;
			children = (
				7765890720739D0300876E3E /* Fonts */,
			);
			path = Resources;
			sourceTree = "<group>";
		};
		776588F42073858800876E3E /* Utility */ = {
			isa = PBXGroup;
			children = (
				776588FF207393B800876E3E /* Extensions.swift */,
				776589012073945000876E3E /* Config.swift */,
				77658903207394E500876E3E /* Helper.swift */,
				7768ADDE207AC607000AC837 /* PaddedTextField.swift */,
			);
			path = Utility;
			sourceTree = "<group>";
		};
		7765890720739D0300876E3E /* Fonts */ = {
			isa = PBXGroup;
			children = (
				7765890920739D7700876E3E /* OpenSans-Regular.ttf */,
				7765890820739D7700876E3E /* OpenSans-SemiBold.ttf */,
				77185421207A89160006BEEC /* OpenSans-Bold.ttf */,
				77185423207A89270006BEEC /* OpenSans-LightItalic.ttf */,
			);
			path = Fonts;
			sourceTree = "<group>";
		};
		7765890D2073A2FF00876E3E /* CollectionViewCells */ = {
			isa = PBXGroup;
			children = (
				08076A9A208E06AF001A9082 /* ReceiverMessageCell.swift */,
				776589102073A40E00876E3E /* SliderCell.swift */,
				775F079F2076286A006E563F /* MasterCollectionViewCell.swift */,
				775F07A120762B84006E563F /* ServiceCell.swift */,
				775F07A720764642006E563F /* ServiceMenuCell.swift */,
				775F07A92076521C006E563F /* ServiceChildCell.swift */,
				775F07AB207803C1006E563F /* NotificationCell.swift */,
				775F07AF20793FB6006E563F /* JobListCell.swift */,
				775F07B32079640E006E563F /* ProfileInfoCell.swift */,
				7768ADDA207AB4DE000AC837 /* TimeSelectCell.swift */,
				771E6790207BF13900800C0B /* JobDetailsImageCell.swift */,
				0840BD64208F0DC6000FC497 /* SenderMessageCell.swift */,
				083F1AC320A2D243009954AC /* ServiceDetailsListViewCell.swift */,
				1D762D1320ACB7F500EA6B29 /* ServiceRequestImageCell.swift */,
			);
			path = CollectionViewCells;
			sourceTree = "<group>";
		};
		C0BF5D3CB7D1698877DFE0F6 /* Pods */ = {
			isa = PBXGroup;
			children = (
				4ED4D1BA778EB8C21F3C31FA /* Pods-800Handyman.debug.xcconfig */,
				4314F82EFCAAFFC7515B8F7B /* Pods-800Handyman.release.xcconfig */,
			);
			name = Pods;
			sourceTree = "<group>";
		};
/* End PBXGroup section */

/* Begin PBXNativeTarget section */
		776588DA2073823C00876E3E /* 800Handyman */ = {
			isa = PBXNativeTarget;
			buildConfigurationList = 776588ED2073823C00876E3E /* Build configuration list for PBXNativeTarget "800Handyman" */;
			buildPhases = (
				B4265603386A29EA05AAD49E /* [CP] Check Pods Manifest.lock */,
				776588D72073823C00876E3E /* Sources */,
				776588D82073823C00876E3E /* Frameworks */,
				776588D92073823C00876E3E /* Resources */,
				3FBD684B9466B3E8EB340143 /* [CP] Embed Pods Frameworks */,
				63D00EEE926E10B73C33BE37 /* [CP] Copy Pods Resources */,
			);
			buildRules = (
			);
			dependencies = (
			);
			name = 800Handyman;
			productName = 800Handyman;
			productReference = 776588DB2073823C00876E3E /* 800Handyman.app */;
			productType = "com.apple.product-type.application";
		};
/* End PBXNativeTarget section */

/* Begin PBXProject section */
		776588D32073823C00876E3E /* Project object */ = {
			isa = PBXProject;
			attributes = {
				LastSwiftUpdateCheck = 0920;
				LastUpgradeCheck = 0930;
				ORGANIZATIONNAME = "Tanvir Hasan Piash";
				TargetAttributes = {
					776588DA2073823C00876E3E = {
						CreatedOnToolsVersion = 9.2;
						LastSwiftMigration = 0920;
						ProvisioningStyle = Automatic;
					};
				};
			};
			buildConfigurationList = 776588D62073823C00876E3E /* Build configuration list for PBXProject "800Handyman" */;
			compatibilityVersion = "Xcode 8.0";
			developmentRegion = en;
			hasScannedForEncodings = 0;
			knownRegions = (
				en,
				Base,
			);
			mainGroup = 776588D22073823C00876E3E;
			productRefGroup = 776588DC2073823C00876E3E /* Products */;
			projectDirPath = "";
			projectRoot = "";
			targets = (
				776588DA2073823C00876E3E /* 800Handyman */,
			);
		};
/* End PBXProject section */

/* Begin PBXResourcesBuildPhase section */
		776588D92073823C00876E3E /* Resources */ = {
			isa = PBXResourcesBuildPhase;
			buildActionMask = 2147483647;
			files = (
				776588E92073823C00876E3E /* LaunchScreen.storyboard in Resources */,
				7765890A20739D7700876E3E /* OpenSans-SemiBold.ttf in Resources */,
				77185424207A89270006BEEC /* OpenSans-LightItalic.ttf in Resources */,
				7765890B20739D7700876E3E /* OpenSans-Regular.ttf in Resources */,
				77185422207A89160006BEEC /* OpenSans-Bold.ttf in Resources */,
				776588E62073823C00876E3E /* Assets.xcassets in Resources */,
			);
			runOnlyForDeploymentPostprocessing = 0;
		};
/* End PBXResourcesBuildPhase section */

/* Begin PBXShellScriptBuildPhase section */
		3FBD684B9466B3E8EB340143 /* [CP] Embed Pods Frameworks */ = {
			isa = PBXShellScriptBuildPhase;
			buildActionMask = 2147483647;
			files = (
			);
			inputPaths = (
				"${SRCROOT}/Pods/Target Support Files/Pods-800Handyman/Pods-800Handyman-frameworks.sh",
				"${BUILT_PRODUCTS_DIR}/Alamofire/Alamofire.framework",
				"${BUILT_PRODUCTS_DIR}/SDWebImage/SDWebImage.framework",
			);
			name = "[CP] Embed Pods Frameworks";
			outputPaths = (
				"${TARGET_BUILD_DIR}/${FRAMEWORKS_FOLDER_PATH}/Alamofire.framework",
				"${TARGET_BUILD_DIR}/${FRAMEWORKS_FOLDER_PATH}/SDWebImage.framework",
			);
			runOnlyForDeploymentPostprocessing = 0;
			shellPath = /bin/sh;
			shellScript = "\"${SRCROOT}/Pods/Target Support Files/Pods-800Handyman/Pods-800Handyman-frameworks.sh\"\n";
			showEnvVarsInLog = 0;
		};
		63D00EEE926E10B73C33BE37 /* [CP] Copy Pods Resources */ = {
			isa = PBXShellScriptBuildPhase;
			buildActionMask = 2147483647;
			files = (
			);
			inputPaths = (
				"${SRCROOT}/Pods/Target Support Files/Pods-800Handyman/Pods-800Handyman-resources.sh",
				"${PODS_ROOT}/GoogleMaps/Maps/Frameworks/GoogleMaps.framework/Resources/GoogleMaps.bundle",
				"${PODS_ROOT}/GooglePlaces/Frameworks/GooglePlaces.framework/Resources/GooglePlaces.bundle",
			);
			name = "[CP] Copy Pods Resources";
			outputPaths = (
				"${TARGET_BUILD_DIR}/${UNLOCALIZED_RESOURCES_FOLDER_PATH}/GoogleMaps.bundle",
				"${TARGET_BUILD_DIR}/${UNLOCALIZED_RESOURCES_FOLDER_PATH}/GooglePlaces.bundle",
			);
			runOnlyForDeploymentPostprocessing = 0;
			shellPath = /bin/sh;
			shellScript = "\"${SRCROOT}/Pods/Target Support Files/Pods-800Handyman/Pods-800Handyman-resources.sh\"\n";
			showEnvVarsInLog = 0;
		};
		B4265603386A29EA05AAD49E /* [CP] Check Pods Manifest.lock */ = {
			isa = PBXShellScriptBuildPhase;
			buildActionMask = 2147483647;
			files = (
			);
			inputPaths = (
				"${PODS_PODFILE_DIR_PATH}/Podfile.lock",
				"${PODS_ROOT}/Manifest.lock",
			);
			name = "[CP] Check Pods Manifest.lock";
			outputPaths = (
				"$(DERIVED_FILE_DIR)/Pods-800Handyman-checkManifestLockResult.txt",
			);
			runOnlyForDeploymentPostprocessing = 0;
			shellPath = /bin/sh;
			shellScript = "diff \"${PODS_PODFILE_DIR_PATH}/Podfile.lock\" \"${PODS_ROOT}/Manifest.lock\" > /dev/null\nif [ $? != 0 ] ; then\n    # print error to STDERR\n    echo \"error: The sandbox is not in sync with the Podfile.lock. Run 'pod install' or update your CocoaPods installation.\" >&2\n    exit 1\nfi\n# This output is used by Xcode 'outputs' to avoid re-running this script phase.\necho \"SUCCESS\" > \"${SCRIPT_OUTPUT_FILE_0}\"\n";
			showEnvVarsInLog = 0;
		};
/* End PBXShellScriptBuildPhase section */

/* Begin PBXSourcesBuildPhase section */
		776588D72073823C00876E3E /* Sources */ = {
			isa = PBXSourcesBuildPhase;
			buildActionMask = 2147483647;
			files = (
				775F07A620764547006E563F /* ServiceMenu.swift in Sources */,
				7768ADDF207AC607000AC837 /* PaddedTextField.swift in Sources */,
				1D762D1620ACCB2F00EA6B29 /* Menu.swift in Sources */,
				08390B6F2085D95400321735 /* Selector.swift in Sources */,
				776588E12073823C00876E3E /* HomeViewController.swift in Sources */,
				771E678B207B5C3D00800C0B /* LocationSecondViewController.swift in Sources */,
				1D79949A20AA0DED00019A28 /* CalenderSelector.swift in Sources */,
				7768ADDB207AB4DE000AC837 /* TimeSelectCell.swift in Sources */,
				08390B772085F94F00321735 /* AddressModel.swift in Sources */,
				776588DF2073823C00876E3E /* AppDelegate.swift in Sources */,
				7768ADDD207ABA7F000AC837 /* LocationFirstViewController.swift in Sources */,
				776589022073945000876E3E /* Config.swift in Sources */,
				776588F820738CE800876E3E /* NotificationViewController.swift in Sources */,
				1D79949C20AA180D00019A28 /* TimeSlotModel.swift in Sources */,
				083F1AC420A2D243009954AC /* ServiceDetailsListViewCell.swift in Sources */,
				0840BD67208F338F000FC497 /* ChatModel.swift in Sources */,
				775F079E20761D67006E563F /* SliderImages.swift in Sources */,
				0851166A208C830400E81C61 /* JobListModel.swift in Sources */,
				775F07B220795459006E563F /* ProfileViewController.swift in Sources */,
				1D762D1420ACB7F500EA6B29 /* ServiceRequestImageCell.swift in Sources */,
				775F07B020793FB6006E563F /* JobListCell.swift in Sources */,
				77658900207393B800876E3E /* Extensions.swift in Sources */,
				083F1AC220A2CB76009954AC /* ServiceDetailsListViewController.swift in Sources */,
				776588FE2073926C00876E3E /* ChatViewController.swift in Sources */,
				776589062073984300876E3E /* LanguageSelectViewController.swift in Sources */,
				776588FC2073924300876E3E /* PhoneViewController.swift in Sources */,
				771E6791207BF13900800C0B /* JobDetailsImageCell.swift in Sources */,
				08DF37FB20A1A96F004A6BAA /* CustomerJobDone.swift in Sources */,
				771E678D207B630300800C0B /* LetUsKnowDetailsViewController.swift in Sources */,
				775F07A820764642006E563F /* ServiceMenuCell.swift in Sources */,
				775F07A02076286A006E563F /* MasterCollectionViewCell.swift in Sources */,
				771E678F207B8C5C00800C0B /* JobDetailsViewController.swift in Sources */,
				775F07B42079640E006E563F /* ProfileInfoCell.swift in Sources */,
				77658904207394E500876E3E /* Helper.swift in Sources */,
				775F07AC207803C1006E563F /* NotificationCell.swift in Sources */,
				1D38A8B920829C01001C8887 /* SubServiceModel.swift in Sources */,
				0838CB552088A0060073C6D4 /* LoginAuthorizationModel.swift in Sources */,
				08076A9B208E06AF001A9082 /* ReceiverMessageCell.swift in Sources */,
				776589112073A40E00876E3E /* SliderCell.swift in Sources */,
				1DEAC1CE207E88400062F333 /* ServiceModel.swift in Sources */,
				7768ADD9207A8DE0000AC837 /* SelectDateTimeViewController.swift in Sources */,
				08591E4620835A7B00391BB0 /* ServiceDetailsViewController.swift in Sources */,
				083F1AC620A2E3D4009954AC /* ShowServiceDetailsView.swift in Sources */,
				775F07AA2076521C006E563F /* ServiceChildCell.swift in Sources */,
				1D762D1820ACCCB400EA6B29 /* MenuCell.swift in Sources */,
				0855D62E20849032002BB7A7 /* DeviceModel.swift in Sources */,
				775F07A420764487006E563F /* ServiceViewController.swift in Sources */,
				0840BD65208F0DC6000FC497 /* SenderMessageCell.swift in Sources */,
				088387D7208765B8003DAC2C /* LoginViewController.swift in Sources */,
				776588F6207385A900876E3E /* CustomTabBarController.swift in Sources */,
				775F07AE20793E84006E563F /* JobListViewController.swift in Sources */,
				775F07A220762B84006E563F /* ServiceCell.swift in Sources */,
				7765890F2073A31000876E3E /* Slider.swift in Sources */,
				776588FA2073921600876E3E /* ContactsViewController.swift in Sources */,
				08390B752085DB0B00321735 /* SelectorCell.swift in Sources */,
				77185420207A889A0006BEEC /* ThankYouViewController.swift in Sources */,
				0855D6302084BEA0002BB7A7 /* AddingServiceRequestModel.swift in Sources */,
			);
			runOnlyForDeploymentPostprocessing = 0;
		};
/* End PBXSourcesBuildPhase section */

/* Begin PBXVariantGroup section */
		776588E72073823C00876E3E /* LaunchScreen.storyboard */ = {
			isa = PBXVariantGroup;
			children = (
				776588E82073823C00876E3E /* Base */,
				7718541E207A87830006BEEC /* ar */,
			);
			name = LaunchScreen.storyboard;
			sourceTree = "<group>";
		};
/* End PBXVariantGroup section */

/* Begin XCBuildConfiguration section */
		776588EB2073823C00876E3E /* Debug */ = {
			isa = XCBuildConfiguration;
			buildSettings = {
				ALWAYS_SEARCH_USER_PATHS = NO;
				CLANG_ANALYZER_LOCALIZABILITY_NONLOCALIZED = YES;
				CLANG_ANALYZER_NONNULL = YES;
				CLANG_ANALYZER_NUMBER_OBJECT_CONVERSION = YES_AGGRESSIVE;
				CLANG_CXX_LANGUAGE_STANDARD = "gnu++14";
				CLANG_CXX_LIBRARY = "libc++";
				CLANG_ENABLE_MODULES = YES;
				CLANG_ENABLE_OBJC_ARC = YES;
				CLANG_WARN_BLOCK_CAPTURE_AUTORELEASING = YES;
				CLANG_WARN_BOOL_CONVERSION = YES;
				CLANG_WARN_COMMA = YES;
				CLANG_WARN_CONSTANT_CONVERSION = YES;
				CLANG_WARN_DEPRECATED_OBJC_IMPLEMENTATIONS = YES;
				CLANG_WARN_DIRECT_OBJC_ISA_USAGE = YES_ERROR;
				CLANG_WARN_DOCUMENTATION_COMMENTS = YES;
				CLANG_WARN_EMPTY_BODY = YES;
				CLANG_WARN_ENUM_CONVERSION = YES;
				CLANG_WARN_INFINITE_RECURSION = YES;
				CLANG_WARN_INT_CONVERSION = YES;
				CLANG_WARN_NON_LITERAL_NULL_CONVERSION = YES;
				CLANG_WARN_OBJC_IMPLICIT_RETAIN_SELF = YES;
				CLANG_WARN_OBJC_LITERAL_CONVERSION = YES;
				CLANG_WARN_OBJC_ROOT_CLASS = YES_ERROR;
				CLANG_WARN_RANGE_LOOP_ANALYSIS = YES;
				CLANG_WARN_STRICT_PROTOTYPES = YES;
				CLANG_WARN_SUSPICIOUS_MOVE = YES;
				CLANG_WARN_UNGUARDED_AVAILABILITY = YES_AGGRESSIVE;
				CLANG_WARN_UNREACHABLE_CODE = YES;
				CLANG_WARN__DUPLICATE_METHOD_MATCH = YES;
				CODE_SIGN_IDENTITY = "iPhone Developer";
				COPY_PHASE_STRIP = NO;
				DEBUG_INFORMATION_FORMAT = dwarf;
				ENABLE_STRICT_OBJC_MSGSEND = YES;
				ENABLE_TESTABILITY = YES;
				GCC_C_LANGUAGE_STANDARD = gnu11;
				GCC_DYNAMIC_NO_PIC = NO;
				GCC_NO_COMMON_BLOCKS = YES;
				GCC_OPTIMIZATION_LEVEL = 0;
				GCC_PREPROCESSOR_DEFINITIONS = (
					"DEBUG=1",
					"$(inherited)",
				);
				GCC_WARN_64_TO_32_BIT_CONVERSION = YES;
				GCC_WARN_ABOUT_RETURN_TYPE = YES_ERROR;
				GCC_WARN_UNDECLARED_SELECTOR = YES;
				GCC_WARN_UNINITIALIZED_AUTOS = YES_AGGRESSIVE;
				GCC_WARN_UNUSED_FUNCTION = YES;
				GCC_WARN_UNUSED_VARIABLE = YES;
				IPHONEOS_DEPLOYMENT_TARGET = 11.2;
				MTL_ENABLE_DEBUG_INFO = YES;
				ONLY_ACTIVE_ARCH = YES;
				SDKROOT = iphoneos;
				SWIFT_ACTIVE_COMPILATION_CONDITIONS = DEBUG;
				SWIFT_OPTIMIZATION_LEVEL = "-Onone";
			};
			name = Debug;
		};
		776588EC2073823C00876E3E /* Release */ = {
			isa = XCBuildConfiguration;
			buildSettings = {
				ALWAYS_SEARCH_USER_PATHS = NO;
				CLANG_ANALYZER_LOCALIZABILITY_NONLOCALIZED = YES;
				CLANG_ANALYZER_NONNULL = YES;
				CLANG_ANALYZER_NUMBER_OBJECT_CONVERSION = YES_AGGRESSIVE;
				CLANG_CXX_LANGUAGE_STANDARD = "gnu++14";
				CLANG_CXX_LIBRARY = "libc++";
				CLANG_ENABLE_MODULES = YES;
				CLANG_ENABLE_OBJC_ARC = YES;
				CLANG_WARN_BLOCK_CAPTURE_AUTORELEASING = YES;
				CLANG_WARN_BOOL_CONVERSION = YES;
				CLANG_WARN_COMMA = YES;
				CLANG_WARN_CONSTANT_CONVERSION = YES;
				CLANG_WARN_DEPRECATED_OBJC_IMPLEMENTATIONS = YES;
				CLANG_WARN_DIRECT_OBJC_ISA_USAGE = YES_ERROR;
				CLANG_WARN_DOCUMENTATION_COMMENTS = YES;
				CLANG_WARN_EMPTY_BODY = YES;
				CLANG_WARN_ENUM_CONVERSION = YES;
				CLANG_WARN_INFINITE_RECURSION = YES;
				CLANG_WARN_INT_CONVERSION = YES;
				CLANG_WARN_NON_LITERAL_NULL_CONVERSION = YES;
				CLANG_WARN_OBJC_IMPLICIT_RETAIN_SELF = YES;
				CLANG_WARN_OBJC_LITERAL_CONVERSION = YES;
				CLANG_WARN_OBJC_ROOT_CLASS = YES_ERROR;
				CLANG_WARN_RANGE_LOOP_ANALYSIS = YES;
				CLANG_WARN_STRICT_PROTOTYPES = YES;
				CLANG_WARN_SUSPICIOUS_MOVE = YES;
				CLANG_WARN_UNGUARDED_AVAILABILITY = YES_AGGRESSIVE;
				CLANG_WARN_UNREACHABLE_CODE = YES;
				CLANG_WARN__DUPLICATE_METHOD_MATCH = YES;
				CODE_SIGN_IDENTITY = "iPhone Developer";
				COPY_PHASE_STRIP = NO;
				DEBUG_INFORMATION_FORMAT = "dwarf-with-dsym";
				ENABLE_NS_ASSERTIONS = NO;
				ENABLE_STRICT_OBJC_MSGSEND = YES;
				GCC_C_LANGUAGE_STANDARD = gnu11;
				GCC_NO_COMMON_BLOCKS = YES;
				GCC_WARN_64_TO_32_BIT_CONVERSION = YES;
				GCC_WARN_ABOUT_RETURN_TYPE = YES_ERROR;
				GCC_WARN_UNDECLARED_SELECTOR = YES;
				GCC_WARN_UNINITIALIZED_AUTOS = YES_AGGRESSIVE;
				GCC_WARN_UNUSED_FUNCTION = YES;
				GCC_WARN_UNUSED_VARIABLE = YES;
				IPHONEOS_DEPLOYMENT_TARGET = 11.2;
				MTL_ENABLE_DEBUG_INFO = NO;
				SDKROOT = iphoneos;
				SWIFT_OPTIMIZATION_LEVEL = "-Owholemodule";
				VALIDATE_PRODUCT = YES;
			};
			name = Release;
		};
		776588EE2073823C00876E3E /* Debug */ = {
			isa = XCBuildConfiguration;
			baseConfigurationReference = 4ED4D1BA778EB8C21F3C31FA /* Pods-800Handyman.debug.xcconfig */;
			buildSettings = {
				ASSETCATALOG_COMPILER_APPICON_NAME = AppIcon;
				CLANG_ENABLE_MODULES = YES;
				CODE_SIGN_STYLE = Automatic;
				DEVELOPMENT_TEAM = NVRNTBSH8C;
				INFOPLIST_FILE = 800Handyman/Info.plist;
				LD_RUNPATH_SEARCH_PATHS = "$(inherited) @executable_path/Frameworks";
				PRODUCT_BUNDLE_IDENTIFIER = "com.royex.-00Handyman";
				PRODUCT_NAME = "$(TARGET_NAME)";
				SWIFT_OBJC_BRIDGING_HEADER = "800Handyman/800Handyman-Bridging-Header.h";
				SWIFT_OPTIMIZATION_LEVEL = "-Onone";
				SWIFT_VERSION = 4.0;
				TARGETED_DEVICE_FAMILY = 1;
			};
			name = Debug;
		};
		776588EF2073823C00876E3E /* Release */ = {
			isa = XCBuildConfiguration;
			baseConfigurationReference = 4314F82EFCAAFFC7515B8F7B /* Pods-800Handyman.release.xcconfig */;
			buildSettings = {
				ASSETCATALOG_COMPILER_APPICON_NAME = AppIcon;
				CLANG_ENABLE_MODULES = YES;
				CODE_SIGN_STYLE = Automatic;
				DEVELOPMENT_TEAM = NVRNTBSH8C;
				INFOPLIST_FILE = 800Handyman/Info.plist;
				LD_RUNPATH_SEARCH_PATHS = "$(inherited) @executable_path/Frameworks";
				PRODUCT_BUNDLE_IDENTIFIER = "com.royex.-00Handyman";
				PRODUCT_NAME = "$(TARGET_NAME)";
				SWIFT_OBJC_BRIDGING_HEADER = "800Handyman/800Handyman-Bridging-Header.h";
				SWIFT_VERSION = 4.0;
				TARGETED_DEVICE_FAMILY = 1;
			};
			name = Release;
		};
/* End XCBuildConfiguration section */

/* Begin XCConfigurationList section */
		776588D62073823C00876E3E /* Build configuration list for PBXProject "800Handyman" */ = {
			isa = XCConfigurationList;
			buildConfigurations = (
				776588EB2073823C00876E3E /* Debug */,
				776588EC2073823C00876E3E /* Release */,
			);
			defaultConfigurationIsVisible = 0;
			defaultConfigurationName = Release;
		};
		776588ED2073823C00876E3E /* Build configuration list for PBXNativeTarget "800Handyman" */ = {
			isa = XCConfigurationList;
			buildConfigurations = (
				776588EE2073823C00876E3E /* Debug */,
				776588EF2073823C00876E3E /* Release */,
			);
			defaultConfigurationIsVisible = 0;
			defaultConfigurationName = Release;
		};
/* End XCConfigurationList section */
	};
	rootObject = 776588D32073823C00876E3E /* Project object */;
}
